
Microsoft Visual Studio Solution File, Format Version 12.00
# Visual Studio Version 17
VisualStudioVersion = 17.14.36705.20 d17.14
MinimumVisualStudioVersion = 10.0.40219.1
Project("{FAE04EC0-301F-11D3-BF4B-00C04F79EFBC}") = "Blog_Projeto", "Blog_Projeto\Blog_Projeto.csproj", "{5822F713-E70B-48DC-B2E9-64CF5C9E0BDE}"
EndProject
Global
	GlobalSection(SolutionConfigurationPlatforms) = preSolution
		Debug|Any CPU = Debug|Any CPU
		Release|Any CPU = Release|Any CPU
	EndGlobalSection
	GlobalSection(ProjectConfigurationPlatforms) = postSolution
		{5822F713-E70B-48DC-B2E9-64CF5C9E0BDE}.Debug|Any CPU.ActiveCfg = Debug|Any CPU
		{5822F713-E70B-48DC-B2E9-64CF5C9E0BDE}.Debug|Any CPU.Build.0 = Debug|Any CPU
		{5822F713-E70B-48DC-B2E9-64CF5C9E0BDE}.Release|Any CPU.ActiveCfg = Release|Any CPU
		{5822F713-E70B-48DC-B2E9-64CF5C9E0BDE}.Release|Any CPU.Build.0 = Release|Any CPU
	EndGlobalSection
	GlobalSection(SolutionProperties) = preSolution
		HideSolutionNode = FALSE
	EndGlobalSection
	GlobalSection(ExtensibilityGlobals) = postSolution
		SolutionGuid = {95C8F133-78B6-4419-958A-B5FD1CB14BE8}
	EndGlobalSection
EndGlobal
